// !$*UTF8*$!
{
	archiveVersion = 1;
	classes = {
	};
	objectVersion = 77;
	objects = {

/* Begin PBXContainerItemProxy section */
		FD4BD4152E085D9F00AA5283 /* PBXContainerItemProxy */ = {
			isa = PBXContainerItemProxy;
			containerPortal = FD4BD3FF2E085D9E00AA5283 /* Project object */;
			proxyType = 1;
			remoteGlobalIDString = FD4BD4062E085D9E00AA5283;
			remoteInfo = "CompactMeter-macOS";
		};
		FD4BD41F2E085D9F00AA5283 /* PBXContainerItemProxy */ = {
			isa = PBXContainerItemProxy;
			containerPortal = FD4BD3FF2E085D9E00AA5283 /* Project object */;
			proxyType = 1;
			remoteGlobalIDString = FD4BD4062E085D9E00AA5283;
			remoteInfo = "CompactMeter-macOS";
		};
/* End PBXContainerItemProxy section */

/* Begin PBXFileReference section */
		FD4BD4072E085D9E00AA5283 /* CompactMeter-macOS.app */ = {isa = PBXFileReference; explicitFileType = wrapper.application; includeInIndex = 0; path = "CompactMeter-macOS.app"; sourceTree = BUILT_PRODUCTS_DIR; };
		FD4BD4142E085D9F00AA5283 /* CompactMeter-macOSTests.xctest */ = {isa = PBXFileReference; explicitFileType = wrapper.cfbundle; includeInIndex = 0; path = "CompactMeter-macOSTests.xctest"; sourceTree = BUILT_PRODUCTS_DIR; };
		FD4BD41E2E085D9F00AA5283 /* CompactMeter-macOSUITests.xctest */ = {isa = PBXFileReference; explicitFileType = wrapper.cfbundle; includeInIndex = 0; path = "CompactMeter-macOSUITests.xctest"; sourceTree = BUILT_PRODUCTS_DIR; };
/* End PBXFileReference section */

/* Begin PBXFileSystemSynchronizedBuildFileExceptionSet section */
		FD9EFF312E0912DE00510D6F /* Exceptions for "CompactMeter-macOS" folder in "CompactMeter-macOS" target */ = {
			isa = PBXFileSystemSynchronizedBuildFileExceptionSet;
			membershipExceptions = (
				"CompactMeter-macOSTests/CompactMeter_macOSTests.swift",
				"CompactMeter-macOSUITests/CompactMeter_macOSUITests.swift",
				"CompactMeter-macOSUITests/CompactMeter_macOSUITestsLaunchTests.swift",
			);
			target = FD4BD4062E085D9E00AA5283 /* CompactMeter-macOS */;
		};
		FD9EFF322E0912DE00510D6F /* Exceptions for "CompactMeter-macOS" folder in "CompactMeter-macOSTests" target */ = {
			isa = PBXFileSystemSynchronizedBuildFileExceptionSet;
			membershipExceptions = (
				"CompactMeter-macOSTests/CompactMeter_macOSTests.swift",
			);
			target = FD4BD4132E085D9F00AA5283 /* CompactMeter-macOSTests */;
		};
		FD9EFF352E0912F400510D6F /* Exceptions for "CompactMeter-macOS" folder in "CompactMeter-macOSUITests" target */ = {
			isa = PBXFileSystemSynchronizedBuildFileExceptionSet;
			membershipExceptions = (
				"CompactMeter-macOSUITests/CompactMeter_macOSUITests.swift",
				"CompactMeter-macOSUITests/CompactMeter_macOSUITestsLaunchTests.swift",
			);
			target = FD4BD41D2E085D9F00AA5283 /* CompactMeter-macOSUITests */;
		};
/* End PBXFileSystemSynchronizedBuildFileExceptionSet section */

/* Begin PBXFileSystemSynchronizedRootGroup section */
		FD4BD4092E085D9E00AA5283 /* CompactMeter-macOS */ = {
			isa = PBXFileSystemSynchronizedRootGroup;
			exceptions = (
				FD9EFF312E0912DE00510D6F /* Exceptions for "CompactMeter-macOS" folder in "CompactMeter-macOS" target */,
				FD9EFF322E0912DE00510D6F /* Exceptions for "CompactMeter-macOS" folder in "CompactMeter-macOSTests" target */,
				FD9EFF352E0912F400510D6F /* Exceptions for "CompactMeter-macOS" folder in "CompactMeter-macOSUITests" target */,
			);
			path = "CompactMeter-macOS";
			sourceTree = "<group>";
		};
/* End PBXFileSystemSynchronizedRootGroup section */

/* Begin PBXFrameworksBuildPhase section */
		FD4BD4042E085D9E00AA5283 /* Frameworks */ = {
			isa = PBXFrameworksBuildPhase;
			buildActionMask = 2147483647;
			files = (
			);
			runOnlyForDeploymentPostprocessing = 0;
		};
		FD4BD4112E085D9F00AA5283 /* Frameworks */ = {
			isa = PBXFrameworksBuildPhase;
			buildActionMask = 2147483647;
			files = (
			);
			runOnlyForDeploymentPostprocessing = 0;
		};
		FD4BD41B2E085D9F00AA5283 /* Frameworks */ = {
			isa = PBXFrameworksBuildPhase;
			buildActionMask = 2147483647;
			files = (
			);
			runOnlyForDeploymentPostprocessing = 0;
		};
/* End PBXFrameworksBuildPhase section */

/* Begin PBXGroup section */
		FD4BD3FE2E085D9E00AA5283 = {
			isa = PBXGroup;
			children = (
				FD4BD4092E085D9E00AA5283 /* CompactMeter-macOS */,
				FD4BD4082E085D9E00AA5283 /* Products */,
			);
			sourceTree = "<group>";
		};
		FD4BD4082E085D9E00AA5283 /* Products */ = {
			isa = PBXGroup;
			children = (
				FD4BD4072E085D9E00AA5283 /* CompactMeter-macOS.app */,
				FD4BD4142E085D9F00AA5283 /* CompactMeter-macOSTests.xctest */,
				FD4BD41E2E085D9F00AA5283 /* CompactMeter-macOSUITests.xctest */,
			);
			name = Products;
			sourceTree = "<group>";
		};
/* End PBXGroup section */

/* Begin PBXNativeTarget section */
		FD4BD4062E085D9E00AA5283 /* CompactMeter-macOS */ = {
			isa = PBXNativeTarget;
			buildConfigurationList = FD4BD4282E085D9F00AA5283 /* Build configuration list for PBXNativeTarget "CompactMeter-macOS" */;
			buildPhases = (
				FD4BD4032E085D9E00AA5283 /* Sources */,
				FD4BD4042E085D9E00AA5283 /* Frameworks */,
				FD4BD4052E085D9E00AA5283 /* Resources */,
			);
			buildRules = (
			);
			dependencies = (
			);
			fileSystemSynchronizedGroups = (
				FD4BD4092E085D9E00AA5283 /* CompactMeter-macOS */,
			);
			name = "CompactMeter-macOS";
			packageProductDependencies = (
			);
			productName = "CompactMeter-macOS";
			productReference = FD4BD4072E085D9E00AA5283 /* CompactMeter-macOS.app */;
			productType = "com.apple.product-type.application";
		};
		FD4BD4132E085D9F00AA5283 /* CompactMeter-macOSTests */ = {
			isa = PBXNativeTarget;
			buildConfigurationList = FD4BD42B2E085D9F00AA5283 /* Build configuration list for PBXNativeTarget "CompactMeter-macOSTests" */;
			buildPhases = (
				FD4BD4102E085D9F00AA5283 /* Sources */,
				FD4BD4112E085D9F00AA5283 /* Frameworks */,
				FD4BD4122E085D9F00AA5283 /* Resources */,
			);
			buildRules = (
			);
			dependencies = (
				FD4BD4162E085D9F00AA5283 /* PBXTargetDependency */,
			);
			name = "CompactMeter-macOSTests";
			packageProductDependencies = (
			);
			productName = "CompactMeter-macOSTests";
			productReference = FD4BD4142E085D9F00AA5283 /* CompactMeter-macOSTests.xctest */;
			productType = "com.apple.product-type.bundle.unit-test";
		};
		FD4BD41D2E085D9F00AA5283 /* CompactMeter-macOSUITests */ = {
			isa = PBXNativeTarget;
			buildConfigurationList = FD4BD42E2E085D9F00AA5283 /* Build configuration list for PBXNativeTarget "CompactMeter-macOSUITests" */;
			buildPhases = (
				FD4BD41A2E085D9F00AA5283 /* Sources */,
				FD4BD41B2E085D9F00AA5283 /* Frameworks */,
				FD4BD41C2E085D9F00AA5283 /* Resources */,
			);
			buildRules = (
			);
			dependencies = (
				FD4BD4202E085D9F00AA5283 /* PBXTargetDependency */,
			);
			name = "CompactMeter-macOSUITests";
			packageProductDependencies = (
			);
			productName = "CompactMeter-macOSUITests";
			productReference = FD4BD41E2E085D9F00AA5283 /* CompactMeter-macOSUITests.xctest */;
			productType = "com.apple.product-type.bundle.ui-testing";
		};
/* End PBXNativeTarget section */

/* Begin PBXProject section */
		FD4BD3FF2E085D9E00AA5283 /* Project object */ = {
			isa = PBXProject;
			attributes = {
				BuildIndependentTargetsInParallel = 1;
				LastSwiftUpdateCheck = 1640;
				LastUpgradeCheck = 1640;
				TargetAttributes = {
					FD4BD4062E085D9E00AA5283 = {
						CreatedOnToolsVersion = 16.4;
					};
					FD4BD4132E085D9F00AA5283 = {
						CreatedOnToolsVersion = 16.4;
						TestTargetID = FD4BD4062E085D9E00AA5283;
					};
					FD4BD41D2E085D9F00AA5283 = {
						CreatedOnToolsVersion = 16.4;
						TestTargetID = FD4BD4062E085D9E00AA5283;
					};
				};
			};
			buildConfigurationList = FD4BD4022E085D9E00AA5283 /* Build configuration list for PBXProject "CompactMeter-macOS" */;
			developmentRegion = en;
			hasScannedForEncodings = 0;
			knownRegions = (
				en,
				Base,
			);
			mainGroup = FD4BD3FE2E085D9E00AA5283;
			minimizedProjectReferenceProxies = 1;
			preferredProjectObjectVersion = 77;
			productRefGroup = FD4BD4082E085D9E00AA5283 /* Products */;
			projectDirPath = "";
			projectRoot = "";
			targets = (
				FD4BD4062E085D9E00AA5283 /* CompactMeter-macOS */,
				FD4BD4132E085D9F00AA5283 /* CompactMeter-macOSTests */,
				FD4BD41D2E085D9F00AA5283 /* CompactMeter-macOSUITests */,
			);
		};
/* End PBXProject section */

/* Begin PBXResourcesBuildPhase section */
		FD4BD4052E085D9E00AA5283 /* Resources */ = {
			isa = PBXResourcesBuildPhase;
			buildActionMask = 2147483647;
			files = (
			);
			runOnlyForDeploymentPostprocessing = 0;
		};
		FD4BD4122E085D9F00AA5283 /* Resources */ = {
			isa = PBXResourcesBuildPhase;
			buildActionMask = 2147483647;
			files = (
			);
			runOnlyForDeploymentPostprocessing = 0;
		};
		FD4BD41C2E085D9F00AA5283 /* Resources */ = {
			isa = PBXResourcesBuildPhase;
			buildActionMask = 2147483647;
			files = (
			);
			runOnlyForDeploymentPostprocessing = 0;
		};
/* End PBXResourcesBuildPhase section */

/* Begin PBXSourcesBuildPhase section */
		FD4BD4032E085D9E00AA5283 /* Sources */ = {
			isa = PBXSourcesBuildPhase;
			buildActionMask = 2147483647;
			files = (
			);
			runOnlyForDeploymentPostprocessing = 0;
		};
		FD4BD4102E085D9F00AA5283 /* Sources */ = {
			isa = PBXSourcesBuildPhase;
			buildActionMask = 2147483647;
			files = (
			);
			runOnlyForDeploymentPostprocessing = 0;
		};
		FD4BD41A2E085D9F00AA5283 /* Sources */ = {
			isa = PBXSourcesBuildPhase;
			buildActionMask = 2147483647;
			files = (
			);
			runOnlyForDeploymentPostprocessing = 0;
		};
/* End PBXSourcesBuildPhase section */

/* Begin PBXTargetDependency section */
		FD4BD4162E085D9F00AA5283 /* PBXTargetDependency */ = {
			isa = PBXTargetDependency;
			target = FD4BD4062E085D9E00AA5283 /* CompactMeter-macOS */;
			targetProxy = FD4BD4152E085D9F00AA5283 /* PBXContainerItemProxy */;
		};
		FD4BD4202E085D9F00AA5283 /* PBXTargetDependency */ = {
			isa = PBXTargetDependency;
			target = FD4BD4062E085D9E00AA5283 /* CompactMeter-macOS */;
			targetProxy = FD4BD41F2E085D9F00AA5283 /* PBXContainerItemProxy */;
		};
/* End PBXTargetDependency section */

/* Begin XCBuildConfiguration section */
		FD4BD4262E085D9F00AA5283 /* Debug */ = {
			isa = XCBuildConfiguration;
			buildSettings = {
				ALWAYS_SEARCH_USER_PATHS = NO;
				ASSETCATALOG_COMPILER_GENERATE_SWIFT_ASSET_SYMBOL_EXTENSIONS = YES;
				CLANG_ANALYZER_NONNULL = YES;
				CLANG_ANALYZER_NUMBER_OBJECT_CONVERSION = YES_AGGRESSIVE;
				CLANG_CXX_LANGUAGE_STANDARD = "gnu++20";
				CLANG_ENABLE_MODULES = YES;
				CLANG_ENABLE_OBJC_ARC = YES;
				CLANG_ENABLE_OBJC_WEAK = YES;
				CLANG_WARN_BLOCK_CAPTURE_AUTORELEASING = YES;
				CLANG_WARN_BOOL_CONVERSION = YES;
				CLANG_WARN_COMMA = YES;
				CLANG_WARN_CONSTANT_CONVERSION = YES;
				CLANG_WARN_DEPRECATED_OBJC_IMPLEMENTATIONS = YES;
				CLANG_WARN_DIRECT_OBJC_ISA_USAGE = YES_ERROR;
				CLANG_WARN_DOCUMENTATION_COMMENTS = YES;
				CLANG_WARN_EMPTY_BODY = YES;
				CLANG_WARN_ENUM_CONVERSION = YES;
				CLANG_WARN_INFINITE_RECURSION = YES;
				CLANG_WARN_INT_CONVERSION = YES;
				CLANG_WARN_NON_LITERAL_NULL_CONVERSION = YES;
				CLANG_WARN_OBJC_IMPLICIT_RETAIN_SELF = YES;
				CLANG_WARN_OBJC_LITERAL_CONVERSION = YES;
				CLANG_WARN_OBJC_ROOT_CLASS = YES_ERROR;
				CLANG_WARN_QUOTED_INCLUDE_IN_FRAMEWORK_HEADER = YES;
				CLANG_WARN_RANGE_LOOP_ANALYSIS = YES;
				CLANG_WARN_STRICT_PROTOTYPES = YES;
				CLANG_WARN_SUSPICIOUS_MOVE = YES;
				CLANG_WARN_UNGUARDED_AVAILABILITY = YES_AGGRESSIVE;
				CLANG_WARN_UNREACHABLE_CODE = YES;
				CLANG_WARN__DUPLICATE_METHOD_MATCH = YES;
				COPY_PHASE_STRIP = NO;
				DEBUG_INFORMATION_FORMAT = dwarf;
				DEVELOPMENT_TEAM = 4K6RU8L5DY;
				ENABLE_STRICT_OBJC_MSGSEND = YES;
				ENABLE_TESTABILITY = YES;
				ENABLE_USER_SCRIPT_SANDBOXING = YES;
				GCC_C_LANGUAGE_STANDARD = gnu17;
				GCC_DYNAMIC_NO_PIC = NO;
				GCC_NO_COMMON_BLOCKS = YES;
				GCC_OPTIMIZATION_LEVEL = 0;
				GCC_PREPROCESSOR_DEFINITIONS = (
					"DEBUG=1",
					"$(inherited)",
				);
				GCC_WARN_64_TO_32_BIT_CONVERSION = YES;
				GCC_WARN_ABOUT_RETURN_TYPE = YES_ERROR;
				GCC_WARN_UNDECLARED_SELECTOR = YES;
				GCC_WARN_UNINITIALIZED_AUTOS = YES_AGGRESSIVE;
				GCC_WARN_UNUSED_FUNCTION = YES;
				GCC_WARN_UNUSED_VARIABLE = YES;
				IPHONEOS_DEPLOYMENT_TARGET = 18.5;
				LOCALIZATION_PREFERS_STRING_CATALOGS = YES;
				MTL_ENABLE_DEBUG_INFO = INCLUDE_SOURCE;
				MTL_FAST_MATH = YES;
				ONLY_ACTIVE_ARCH = YES;
				SDKROOT = iphoneos;
				SWIFT_ACTIVE_COMPILATION_CONDITIONS = "DEBUG $(inherited)";
				SWIFT_OPTIMIZATION_LEVEL = "-Onone";
			};
			name = Debug;
		};
		FD4BD4272E085D9F00AA5283 /* Release */ = {
			isa = XCBuildConfiguration;
			buildSettings = {
				ALWAYS_SEARCH_USER_PATHS = NO;
				ASSETCATALOG_COMPILER_GENERATE_SWIFT_ASSET_SYMBOL_EXTENSIONS = YES;
				CLANG_ANALYZER_NONNULL = YES;
				CLANG_ANALYZER_NUMBER_OBJECT_CONVERSION = YES_AGGRESSIVE;
				CLANG_CXX_LANGUAGE_STANDARD = "gnu++20";
				CLANG_ENABLE_MODULES = YES;
				CLANG_ENABLE_OBJC_ARC = YES;
				CLANG_ENABLE_OBJC_WEAK = YES;
				CLANG_WARN_BLOCK_CAPTURE_AUTORELEASING = YES;
				CLANG_WARN_BOOL_CONVERSION = YES;
				CLANG_WARN_COMMA = YES;
				CLANG_WARN_CONSTANT_CONVERSION = YES;
				CLANG_WARN_DEPRECATED_OBJC_IMPLEMENTATIONS = YES;
				CLANG_WARN_DIRECT_OBJC_ISA_USAGE = YES_ERROR;
				CLANG_WARN_DOCUMENTATION_COMMENTS = YES;
				CLANG_WARN_EMPTY_BODY = YES;
				CLANG_WARN_ENUM_CONVERSION = YES;
				CLANG_WARN_INFINITE_RECURSION = YES;
				CLANG_WARN_INT_CONVERSION = YES;
				CLANG_WARN_NON_LITERAL_NULL_CONVERSION = YES;
				CLANG_WARN_OBJC_IMPLICIT_RETAIN_SELF = YES;
				CLANG_WARN_OBJC_LITERAL_CONVERSION = YES;
				CLANG_WARN_OBJC_ROOT_CLASS = YES_ERROR;
				CLANG_WARN_QUOTED_INCLUDE_IN_FRAMEWORK_HEADER = YES;
				CLANG_WARN_RANGE_LOOP_ANALYSIS = YES;
				CLANG_WARN_STRICT_PROTOTYPES = YES;
				CLANG_WARN_SUSPICIOUS_MOVE = YES;
				CLANG_WARN_UNGUARDED_AVAILABILITY = YES_AGGRESSIVE;
				CLANG_WARN_UNREACHABLE_CODE = YES;
				CLANG_WARN__DUPLICATE_METHOD_MATCH = YES;
				COPY_PHASE_STRIP = NO;
				DEBUG_INFORMATION_FORMAT = "dwarf-with-dsym";
				DEVELOPMENT_TEAM = 4K6RU8L5DY;
				ENABLE_NS_ASSERTIONS = NO;
				ENABLE_STRICT_OBJC_MSGSEND = YES;
				ENABLE_USER_SCRIPT_SANDBOXING = YES;
				GCC_C_LANGUAGE_STANDARD = gnu17;
				GCC_NO_COMMON_BLOCKS = YES;
				GCC_WARN_64_TO_32_BIT_CONVERSION = YES;
				GCC_WARN_ABOUT_RETURN_TYPE = YES_ERROR;
				GCC_WARN_UNDECLARED_SELECTOR = YES;
				GCC_WARN_UNINITIALIZED_AUTOS = YES_AGGRESSIVE;
				GCC_WARN_UNUSED_FUNCTION = YES;
				GCC_WARN_UNUSED_VARIABLE = YES;
				IPHONEOS_DEPLOYMENT_TARGET = 18.5;
				LOCALIZATION_PREFERS_STRING_CATALOGS = YES;
				MTL_ENABLE_DEBUG_INFO = NO;
				MTL_FAST_MATH = YES;
				SDKROOT = iphoneos;
				SWIFT_COMPILATION_MODE = wholemodule;
				VALIDATE_PRODUCT = YES;
			};
			name = Release;
		};
		FD4BD4292E085D9F00AA5283 /* Debug */ = {
			isa = XCBuildConfiguration;
			buildSettings = {
				ASSETCATALOG_COMPILER_APPICON_NAME = AppIcon;
				ASSETCATALOG_COMPILER_GLOBAL_ACCENT_COLOR_NAME = AccentColor;
				CODE_SIGN_IDENTITY = "Apple Development";
				"CODE_SIGN_IDENTITY[sdk=macosx*]" = "Apple Development";
				CODE_SIGN_STYLE = Automatic;
				CURRENT_PROJECT_VERSION = 1;
				DEVELOPMENT_TEAM = 4K6RU8L5DY;
				ENABLE_PREVIEWS = YES;
				GENERATE_INFOPLIST_FILE = YES;
				INFOPLIST_KEY_UIApplicationSceneManifest_Generation = YES;
				INFOPLIST_KEY_UIApplicationSupportsIndirectInputEvents = YES;
				INFOPLIST_KEY_UILaunchScreen_Generation = YES;
				INFOPLIST_KEY_UISupportedInterfaceOrientations_iPad = "UIInterfaceOrientationPortrait UIInterfaceOrientationPortraitUpsideDown UIInterfaceOrientationLandscapeLeft UIInterfaceOrientationLandscapeRight";
				INFOPLIST_KEY_UISupportedInterfaceOrientations_iPhone = "UIInterfaceOrientationPortrait UIInterfaceOrientationLandscapeLeft UIInterfaceOrientationLandscapeRight";
				LD_RUNPATH_SEARCH_PATHS = (
					"$(inherited)",
					"@executable_path/Frameworks",
				);
				MACOSX_DEPLOYMENT_TARGET = 15.0;
				MARKETING_VERSION = 1.0;
				PRODUCT_BUNDLE_IDENTIFIER = "net.panecraft.CompactMeter-macOS";
				PRODUCT_NAME = "$(TARGET_NAME)";
				PROVISIONING_PROFILE_SPECIFIER = "";
				REGISTER_APP_GROUPS = YES;
				SUPPORTED_PLATFORMS = macosx;
				SUPPORTS_MACCATALYST = NO;
				SUPPORTS_MAC_DESIGNED_FOR_IPHONE_IPAD = NO;
				SUPPORTS_XR_DESIGNED_FOR_IPHONE_IPAD = NO;
				SWIFT_EMIT_LOC_STRINGS = YES;
				SWIFT_VERSION = 5.0;
			};
			name = Debug;
		};
		FD4BD42A2E085D9F00AA5283 /* Release */ = {
			isa = XCBuildConfiguration;
			buildSettings = {
				ASSETCATALOG_COMPILER_APPICON_NAME = AppIcon;
				ASSETCATALOG_COMPILER_GLOBAL_ACCENT_COLOR_NAME = AccentColor;
				CODE_SIGN_IDENTITY = "Apple Development";
				"CODE_SIGN_IDENTITY[sdk=macosx*]" = "Apple Development";
				CODE_SIGN_STYLE = Automatic;
				CURRENT_PROJECT_VERSION = 1;
				DEVELOPMENT_TEAM = 4K6RU8L5DY;
				ENABLE_PREVIEWS = YES;
				GENERATE_INFOPLIST_FILE = YES;
				INFOPLIST_KEY_UIApplicationSceneManifest_Generation = YES;
				INFOPLIST_KEY_UIApplicationSupportsIndirectInputEvents = YES;
				INFOPLIST_KEY_UILaunchScreen_Generation = YES;
				INFOPLIST_KEY_UISupportedInterfaceOrientations_iPad = "UIInterfaceOrientationPortrait UIInterfaceOrientationPortraitUpsideDown UIInterfaceOrientationLandscapeLeft UIInterfaceOrientationLandscapeRight";
				INFOPLIST_KEY_UISupportedInterfaceOrientations_iPhone = "UIInterfaceOrientationPortrait UIInterfaceOrientationLandscapeLeft UIInterfaceOrientationLandscapeRight";
				LD_RUNPATH_SEARCH_PATHS = (
					"$(inherited)",
					"@executable_path/Frameworks",
				);
				MACOSX_DEPLOYMENT_TARGET = 15.0;
				MARKETING_VERSION = 1.0;
				PRODUCT_BUNDLE_IDENTIFIER = "net.panecraft.CompactMeter-macOS";
				PRODUCT_NAME = "$(TARGET_NAME)";
				PROVISIONING_PROFILE_SPECIFIER = "";
				REGISTER_APP_GROUPS = YES;
				SUPPORTED_PLATFORMS = macosx;
				SUPPORTS_MACCATALYST = NO;
				SUPPORTS_MAC_DESIGNED_FOR_IPHONE_IPAD = NO;
				SUPPORTS_XR_DESIGNED_FOR_IPHONE_IPAD = NO;
				SWIFT_EMIT_LOC_STRINGS = YES;
				SWIFT_VERSION = 5.0;
			};
			name = Release;
		};
		FD4BD42C2E085D9F00AA5283 /* Debug */ = {
			isa = XCBuildConfiguration;
			buildSettings = {
				BUNDLE_LOADER = "$(TEST_HOST)";
				CODE_SIGN_STYLE = Automatic;
				CURRENT_PROJECT_VERSION = 1;
				DEVELOPMENT_TEAM = 4K6RU8L5DY;
				GENERATE_INFOPLIST_FILE = YES;
				IPHONEOS_DEPLOYMENT_TARGET = 18.5;
				MARKETING_VERSION = 1.0;
				PRODUCT_BUNDLE_IDENTIFIER = "net.panecraft.CompactMeter-macOSTests";
				PRODUCT_NAME = "$(TARGET_NAME)";
				SWIFT_EMIT_LOC_STRINGS = NO;
				SWIFT_VERSION = 5.0;
				TARGETED_DEVICE_FAMILY = "1,2";
				TEST_HOST = "$(BUILT_PRODUCTS_DIR)/CompactMeter-macOS.app/$(BUNDLE_EXECUTABLE_FOLDER_PATH)/CompactMeter-macOS";
			};
			name = Debug;
		};
		FD4BD42D2E085D9F00AA5283 /* Release */ = {
			isa = XCBuildConfiguration;
			buildSettings = {
				BUNDLE_LOADER = "$(TEST_HOST)";
				CODE_SIGN_STYLE = Automatic;
				CURRENT_PROJECT_VERSION = 1;
				DEVELOPMENT_TEAM = 4K6RU8L5DY;
				GENERATE_INFOPLIST_FILE = YES;
				IPHONEOS_DEPLOYMENT_TARGET = 18.5;
				MARKETING_VERSION = 1.0;
				PRODUCT_BUNDLE_IDENTIFIER = "net.panecraft.CompactMeter-macOSTests";
				PRODUCT_NAME = "$(TARGET_NAME)";
				SWIFT_EMIT_LOC_STRINGS = NO;
				SWIFT_VERSION = 5.0;
				TARGETED_DEVICE_FAMILY = "1,2";
				TEST_HOST = "$(BUILT_PRODUCTS_DIR)/CompactMeter-macOS.app/$(BUNDLE_EXECUTABLE_FOLDER_PATH)/CompactMeter-macOS";
			};
			name = Release;
		};
		FD4BD42F2E085D9F00AA5283 /* Debug */ = {
			isa = XCBuildConfiguration;
			buildSettings = {
				CODE_SIGN_STYLE = Automatic;
				CURRENT_PROJECT_VERSION = 1;
				DEVELOPMENT_TEAM = 4K6RU8L5DY;
				GENERATE_INFOPLIST_FILE = YES;
				MARKETING_VERSION = 1.0;
				PRODUCT_BUNDLE_IDENTIFIER = "net.panecraft.CompactMeter-macOSUITests";
				PRODUCT_NAME = "$(TARGET_NAME)";
				SWIFT_EMIT_LOC_STRINGS = NO;
				SWIFT_VERSION = 5.0;
				TARGETED_DEVICE_FAMILY = "1,2";
				TEST_TARGET_NAME = "CompactMeter-macOS";
			};
			name = Debug;
		};
		FD4BD4302E085D9F00AA5283 /* Release */ = {
			isa = XCBuildConfiguration;
			buildSettings = {
				CODE_SIGN_STYLE = Automatic;
				CURRENT_PROJECT_VERSION = 1;
				DEVELOPMENT_TEAM = 4K6RU8L5DY;
				GENERATE_INFOPLIST_FILE = YES;
				MARKETING_VERSION = 1.0;
				PRODUCT_BUNDLE_IDENTIFIER = "net.panecraft.CompactMeter-macOSUITests";
				PRODUCT_NAME = "$(TARGET_NAME)";
				SWIFT_EMIT_LOC_STRINGS = NO;
				SWIFT_VERSION = 5.0;
				TARGETED_DEVICE_FAMILY = "1,2";
				TEST_TARGET_NAME = "CompactMeter-macOS";
			};
			name = Release;
		};
/* End XCBuildConfiguration section */

/* Begin XCConfigurationList section */
		FD4BD4022E085D9E00AA5283 /* Build configuration list for PBXProject "CompactMeter-macOS" */ = {
			isa = XCConfigurationList;
			buildConfigurations = (
				FD4BD4262E085D9F00AA5283 /* Debug */,
				FD4BD4272E085D9F00AA5283 /* Release */,
			);
			defaultConfigurationIsVisible = 0;
			defaultConfigurationName = Release;
		};
		FD4BD4282E085D9F00AA5283 /* Build configuration list for PBXNativeTarget "CompactMeter-macOS" */ = {
			isa = XCConfigurationList;
			buildConfigurations = (
				FD4BD4292E085D9F00AA5283 /* Debug */,
				FD4BD42A2E085D9F00AA5283 /* Release */,
			);
			defaultConfigurationIsVisible = 0;
			defaultConfigurationName = Release;
		};
		FD4BD42B2E085D9F00AA5283 /* Build configuration list for PBXNativeTarget "CompactMeter-macOSTests" */ = {
			isa = XCConfigurationList;
			buildConfigurations = (
				FD4BD42C2E085D9F00AA5283 /* Debug */,
				FD4BD42D2E085D9F00AA5283 /* Release */,
			);
			defaultConfigurationIsVisible = 0;
			defaultConfigurationName = Release;
		};
		FD4BD42E2E085D9F00AA5283 /* Build configuration list for PBXNativeTarget "CompactMeter-macOSUITests" */ = {
			isa = XCConfigurationList;
			buildConfigurations = (
				FD4BD42F2E085D9F00AA5283 /* Debug */,
				FD4BD4302E085D9F00AA5283 /* Release */,
			);
			defaultConfigurationIsVisible = 0;
			defaultConfigurationName = Release;
		};
/* End XCConfigurationList section */
	};
	rootObject = FD4BD3FF2E085D9E00AA5283 /* Project object */;
}
